
Microsoft Visual Studio Solution File, Format Version 12.00
# Visual Studio Version 17
VisualStudioVersion = 17.7.34024.191
MinimumVisualStudioVersion = 10.0.40219.1
Project("{9A19103F-16F7-4668-BE54-9A1E7A4F7556}") = "API", "API\API.csproj", "{4375CB85-7C99-4A9A-92EA-99C61278D647}"
EndProject
Project("{9A19103F-16F7-4668-BE54-9A1E7A4F7556}") = "BLL", "BLL\BLL.csproj", "{E5255EA5-83F1-4171-9278-46E65DE61CD4}"
EndProject
Project("{9A19103F-16F7-4668-BE54-9A1E7A4F7556}") = "DAL", "DAL\DAL.csproj", "{ABA09DE5-B992-4D44-9F88-868C03A634BA}"
EndProject
Project("{E24C65DC-7377-472B-9ABA-BC803B73C61A}") = "_AngularJS-ClientApp", "_AngularJS-ClientApp\", "{B5D6D16C-5D69-405B-AD38-88B29032662C}"
	ProjectSection(WebsiteProperties) = preProject
		TargetFrameworkMoniker = ".NETFramework,Version%3Dv4.8"
		Debug.AspNetCompiler.VirtualPath = "/localhost_59191"
		Debug.AspNetCompiler.PhysicalPath = "_AngularJS-ClientApp\"
		Debug.AspNetCompiler.TargetPath = "PrecompiledWeb\localhost_59191\"
		Debug.AspNetCompiler.Updateable = "true"
		Debug.AspNetCompiler.ForceOverwrite = "true"
		Debug.AspNetCompiler.FixedNames = "false"
		Debug.AspNetCompiler.Debug = "True"
		Release.AspNetCompiler.VirtualPath = "/localhost_59191"
		Release.AspNetCompiler.PhysicalPath = "_AngularJS-ClientApp\"
		Release.AspNetCompiler.TargetPath = "PrecompiledWeb\localhost_59191\"
		Release.AspNetCompiler.Updateable = "true"
		Release.AspNetCompiler.ForceOverwrite = "true"
		Release.AspNetCompiler.FixedNames = "false"
		Release.AspNetCompiler.Debug = "False"
		VWDPort = "59191"
		SlnRelativePath = "_AngularJS-ClientApp\"
	EndProjectSection
EndProject
Global
	GlobalSection(SolutionConfigurationPlatforms) = preSolution
		Debug|Any CPU = Debug|Any CPU
		Release|Any CPU = Release|Any CPU
	EndGlobalSection
	GlobalSection(ProjectConfigurationPlatforms) = postSolution
		{4375CB85-7C99-4A9A-92EA-99C61278D647}.Debug|Any CPU.ActiveCfg = Debug|Any CPU
		{4375CB85-7C99-4A9A-92EA-99C61278D647}.Debug|Any CPU.Build.0 = Debug|Any CPU
		{4375CB85-7C99-4A9A-92EA-99C61278D647}.Release|Any CPU.ActiveCfg = Release|Any CPU
		{4375CB85-7C99-4A9A-92EA-99C61278D647}.Release|Any CPU.Build.0 = Release|Any CPU
		{E5255EA5-83F1-4171-9278-46E65DE61CD4}.Debug|Any CPU.ActiveCfg = Debug|Any CPU
		{E5255EA5-83F1-4171-9278-46E65DE61CD4}.Debug|Any CPU.Build.0 = Debug|Any CPU
		{E5255EA5-83F1-4171-9278-46E65DE61CD4}.Release|Any CPU.ActiveCfg = Release|Any CPU
		{E5255EA5-83F1-4171-9278-46E65DE61CD4}.Release|Any CPU.Build.0 = Release|Any CPU
		{ABA09DE5-B992-4D44-9F88-868C03A634BA}.Debug|Any CPU.ActiveCfg = Debug|Any CPU
		{ABA09DE5-B992-4D44-9F88-868C03A634BA}.Debug|Any CPU.Build.0 = Debug|Any CPU
		{ABA09DE5-B992-4D44-9F88-868C03A634BA}.Release|Any CPU.ActiveCfg = Release|Any CPU
		{ABA09DE5-B992-4D44-9F88-868C03A634BA}.Release|Any CPU.Build.0 = Release|Any CPU
		{B5D6D16C-5D69-405B-AD38-88B29032662C}.Debug|Any CPU.ActiveCfg = Debug|Any CPU
		{B5D6D16C-5D69-405B-AD38-88B29032662C}.Debug|Any CPU.Build.0 = Debug|Any CPU
		{B5D6D16C-5D69-405B-AD38-88B29032662C}.Release|Any CPU.ActiveCfg = Debug|Any CPU
		{B5D6D16C-5D69-405B-AD38-88B29032662C}.Release|Any CPU.Build.0 = Debug|Any CPU
	EndGlobalSection
	GlobalSection(SolutionProperties) = preSolution
		HideSolutionNode = FALSE
	EndGlobalSection
	GlobalSection(ExtensibilityGlobals) = postSolution
		SolutionGuid = {DF3457C3-F69D-40B9-AFA3-940A6A170E82}
	EndGlobalSection
EndGlobal
